version = 1
revision = 3
requires-python = ">=3.14"

[[package]]
name = "cassebrique"
version = "2025.1.0"
source = { virtual = "." }
dependencies = [
    { name = "pygame" },
]

[package.dev-dependencies]
dev = [
    { name = "ruff" },
    { name = "taskipy" },
    { name = "ty" },
]

[package.metadata]
requires-dist = [{ name = "pygame", specifier = ">=2.6.1" }]

[package.metadata.requires-dev]
dev = [
    { name = "ruff", specifier = ">=0.14.0" },
    { name = "taskipy", specifier = ">=1.14.1" },
    { name = "ty", specifier = ">=0.0.1a22" },
]

[[package]]
name = "colorama"
version = "0.4.6"
source = { registry = "https://pypi.org/simple" }
sdist = { url = "https://files.pythonhosted.org/packages/d8/53/6f443c9a4a8358a93a6792e2acffb9d9d5cb0a5cfd8802644b7b1c9a02e4/colorama-0.4.6.tar.gz", hash = "sha256:08695f5cb7ed6e0531a20572697297273c47b8cae5a63ffc6d6ed5c201be6e44", size = 27697, upload-time = "2022-10-25T02:36:22.414Z" }
wheels = [
    { url = "https://files.pythonhosted.org/packages/d1/d6/3965ed04c63042e047cb6a3e6ed1a63a35087b6a609aa3a15ed8ac56c221/colorama-0.4.6-py2.py3-none-any.whl", hash = "sha256:4f1d9991f5acc0ca119f9d443620b77f9d6b33703e51011c16baf57afb285fc6", size = 25335, upload-time = "2022-10-25T02:36:20.889Z" },
]

[[package]]
name = "mslex"
version = "1.3.0"
source = { registry = "https://pypi.org/simple" }
sdist = { url = "https://files.pythonhosted.org/packages/e0/97/7022667073c99a0fe028f2e34b9bf76b49a611afd21b02527fbfd92d4cd5/mslex-1.3.0.tar.gz", hash = "sha256:641c887d1d3db610eee2af37a8e5abda3f70b3006cdfd2d0d29dc0d1ae28a85d", size = 11583, upload-time = "2024-10-16T13:16:18.523Z" }
wheels = [
    { url = "https://files.pythonhosted.org/packages/64/f2/66bd65ca0139675a0d7b18f0bada6e12b51a984e41a76dbe44761bf1b3ee/mslex-1.3.0-py3-none-any.whl", hash = "sha256:c7074b347201b3466fc077c5692fbce9b5f62a63a51f537a53fbbd02eff2eea4", size = 7820, upload-time = "2024-10-16T13:16:17.566Z" },
]

[[package]]
name = "psutil"
version = "6.1.1"
source = { registry = "https://pypi.org/simple" }
sdist = { url = "https://files.pythonhosted.org/packages/1f/5a/07871137bb752428aa4b659f910b399ba6f291156bdea939be3e96cae7cb/psutil-6.1.1.tar.gz", hash = "sha256:cf8496728c18f2d0b45198f06895be52f36611711746b7f30c464b422b50e2f5", size = 508502, upload-time = "2024-12-19T18:21:20.568Z" }
wheels = [
    { url = "https://files.pythonhosted.org/packages/61/99/ca79d302be46f7bdd8321089762dd4476ee725fce16fc2b2e1dbba8cac17/psutil-6.1.1-cp36-abi3-macosx_10_9_x86_64.whl", hash = "sha256:fc0ed7fe2231a444fc219b9c42d0376e0a9a1a72f16c5cfa0f68d19f1a0663e8", size = 247511, upload-time = "2024-12-19T18:21:45.163Z" },
    { url = "https://files.pythonhosted.org/packages/0b/6b/73dbde0dd38f3782905d4587049b9be64d76671042fdcaf60e2430c6796d/psutil-6.1.1-cp36-abi3-macosx_11_0_arm64.whl", hash = "sha256:0bdd4eab935276290ad3cb718e9809412895ca6b5b334f5a9111ee6d9aff9377", size = 248985, upload-time = "2024-12-19T18:21:49.254Z" },
    { url = "https://files.pythonhosted.org/packages/17/38/c319d31a1d3f88c5b79c68b3116c129e5133f1822157dd6da34043e32ed6/psutil-6.1.1-cp36-abi3-manylinux_2_12_i686.manylinux2010_i686.manylinux_2_17_i686.manylinux2014_i686.whl", hash = "sha256:b6e06c20c05fe95a3d7302d74e7097756d4ba1247975ad6905441ae1b5b66003", size = 284488, upload-time = "2024-12-19T18:21:51.638Z" },
    { url = "https://files.pythonhosted.org/packages/9c/39/0f88a830a1c8a3aba27fededc642da37613c57cbff143412e3536f89784f/psutil-6.1.1-cp36-abi3-manylinux_2_12_x86_64.manylinux2010_x86_64.manylinux_2_17_x86_64.manylinux2014_x86_64.whl", hash = "sha256:97f7cb9921fbec4904f522d972f0c0e1f4fabbdd4e0287813b21215074a0f160", size = 287477, upload-time = "2024-12-19T18:21:55.306Z" },
    { url = "https://files.pythonhosted.org/packages/47/da/99f4345d4ddf2845cb5b5bd0d93d554e84542d116934fde07a0c50bd4e9f/psutil-6.1.1-cp36-abi3-manylinux_2_17_aarch64.manylinux2014_aarch64.whl", hash = "sha256:33431e84fee02bc84ea36d9e2c4a6d395d479c9dd9bba2376c1f6ee8f3a4e0b3", size = 289017, upload-time = "2024-12-19T18:21:57.875Z" },
    { url = "https://files.pythonhosted.org/packages/38/53/bd755c2896f4461fd4f36fa6a6dcb66a88a9e4b9fd4e5b66a77cf9d4a584/psutil-6.1.1-cp37-abi3-win32.whl", hash = "sha256:eaa912e0b11848c4d9279a93d7e2783df352b082f40111e078388701fd479e53", size = 250602, upload-time = "2024-12-19T18:22:08.808Z" },
    { url = "https://files.pythonhosted.org/packages/7b/d7/7831438e6c3ebbfa6e01a927127a6cb42ad3ab844247f3c5b96bea25d73d/psutil-6.1.1-cp37-abi3-win_amd64.whl", hash = "sha256:f35cfccb065fff93529d2afb4a2e89e363fe63ca1e4a5da22b603a85833c2649", size = 254444, upload-time = "2024-12-19T18:22:11.335Z" },
]

[[package]]
name = "pygame"
version = "2.6.1"
source = { registry = "https://pypi.org/simple" }
sdist = { url = "https://files.pythonhosted.org/packages/49/cc/08bba60f00541f62aaa252ce0cfbd60aebd04616c0b9574f755b583e45ae/pygame-2.6.1.tar.gz", hash = "sha256:56fb02ead529cee00d415c3e007f75e0780c655909aaa8e8bf616ee09c9feb1f", size = 14808125, upload-time = "2024-09-29T13:41:34.698Z" }

[[package]]
name = "ruff"
version = "0.14.0"
source = { registry = "https://pypi.org/simple" }
sdist = { url = "https://files.pythonhosted.org/packages/41/b9/9bd84453ed6dd04688de9b3f3a4146a1698e8faae2ceeccce4e14c67ae17/ruff-0.14.0.tar.gz", hash = "sha256:62ec8969b7510f77945df916de15da55311fade8d6050995ff7f680afe582c57", size = 5452071, upload-time = "2025-10-07T18:21:55.763Z" }
wheels = [
    { url = "https://files.pythonhosted.org/packages/3a/4e/79d463a5f80654e93fa653ebfb98e0becc3f0e7cf6219c9ddedf1e197072/ruff-0.14.0-py3-none-linux_armv6l.whl", hash = "sha256:58e15bffa7054299becf4bab8a1187062c6f8cafbe9f6e39e0d5aface455d6b3", size = 12494532, upload-time = "2025-10-07T18:21:00.373Z" },
    { url = "https://files.pythonhosted.org/packages/ee/40/e2392f445ed8e02aa6105d49db4bfff01957379064c30f4811c3bf38aece/ruff-0.14.0-py3-none-macosx_10_12_x86_64.whl", hash = "sha256:838d1b065f4df676b7c9957992f2304e41ead7a50a568185efd404297d5701e8", size = 13160768, upload-time = "2025-10-07T18:21:04.73Z" },
    { url = "https://files.pythonhosted.org/packages/75/da/2a656ea7c6b9bd14c7209918268dd40e1e6cea65f4bb9880eaaa43b055cd/ruff-0.14.0-py3-none-macosx_11_0_arm64.whl", hash = "sha256:703799d059ba50f745605b04638fa7e9682cc3da084b2092feee63500ff3d9b8", size = 12363376, upload-time = "2025-10-07T18:21:07.833Z" },
    { url = "https://files.pythonhosted.org/packages/42/e2/1ffef5a1875add82416ff388fcb7ea8b22a53be67a638487937aea81af27/ruff-0.14.0-py3-none-manylinux_2_17_aarch64.manylinux2014_aarch64.whl", hash = "sha256:3ba9a8925e90f861502f7d974cc60e18ca29c72bb0ee8bfeabb6ade35a3abde7", size = 12608055, upload-time = "2025-10-07T18:21:10.72Z" },
    { url = "https://files.pythonhosted.org/packages/4a/32/986725199d7cee510d9f1dfdf95bf1efc5fa9dd714d0d85c1fb1f6be3bc3/ruff-0.14.0-py3-none-manylinux_2_17_armv7l.manylinux2014_armv7l.whl", hash = "sha256:e41f785498bd200ffc276eb9e1570c019c1d907b07cfb081092c8ad51975bbe7", size = 12318544, upload-time = "2025-10-07T18:21:13.741Z" },
    { url = "https://files.pythonhosted.org/packages/9a/ed/4969cefd53315164c94eaf4da7cfba1f267dc275b0abdd593d11c90829a3/ruff-0.14.0-py3-none-manylinux_2_17_i686.manylinux2014_i686.whl", hash = "sha256:30a58c087aef4584c193aebf2700f0fbcfc1e77b89c7385e3139956fa90434e2", size = 14001280, upload-time = "2025-10-07T18:21:16.411Z" },
    { url = "https://files.pythonhosted.org/packages/ab/ad/96c1fc9f8854c37681c9613d825925c7f24ca1acfc62a4eb3896b50bacd2/ruff-0.14.0-py3-none-manylinux_2_17_ppc64.manylinux2014_ppc64.whl", hash = "sha256:f8d07350bc7af0a5ce8812b7d5c1a7293cf02476752f23fdfc500d24b79b783c", size = 15027286, upload-time = "2025-10-07T18:21:19.577Z" },
    { url = "https://files.pythonhosted.org/packages/b3/00/1426978f97df4fe331074baf69615f579dc4e7c37bb4c6f57c2aad80c87f/ruff-0.14.0-py3-none-manylinux_2_17_ppc64le.manylinux2014_ppc64le.whl", hash = "sha256:eec3bbbf3a7d5482b5c1f42d5fc972774d71d107d447919fca620b0be3e3b75e", size = 14451506, upload-time = "2025-10-07T18:21:22.779Z" },
    { url = "https://files.pythonhosted.org/packages/58/d5/9c1cea6e493c0cf0647674cca26b579ea9d2a213b74b5c195fbeb9678e15/ruff-0.14.0-py3-none-manylinux_2_17_s390x.manylinux2014_s390x.whl", hash = "sha256:16b68e183a0e28e5c176d51004aaa40559e8f90065a10a559176713fcf435206", size = 13437384, upload-time = "2025-10-07T18:21:25.758Z" },
    { url = "https://files.pythonhosted.org/packages/29/b4/4cd6a4331e999fc05d9d77729c95503f99eae3ba1160469f2b64866964e3/ruff-0.14.0-py3-none-manylinux_2_17_x86_64.manylinux2014_x86_64.whl", hash = "sha256:eb732d17db2e945cfcbbc52af0143eda1da36ca8ae25083dd4f66f1542fdf82e", size = 13447976, upload-time = "2025-10-07T18:21:28.83Z" },
    { url = "https://files.pythonhosted.org/packages/3b/c0/ac42f546d07e4f49f62332576cb845d45c67cf5610d1851254e341d563b6/ruff-0.14.0-py3-none-manylinux_2_31_riscv64.whl", hash = "sha256:c958f66ab884b7873e72df38dcabee03d556a8f2ee1b8538ee1c2bbd619883dd", size = 13682850, upload-time = "2025-10-07T18:21:31.842Z" },
    { url = "https://files.pythonhosted.org/packages/5f/c4/4b0c9bcadd45b4c29fe1af9c5d1dc0ca87b4021665dfbe1c4688d407aa20/ruff-0.14.0-py3-none-musllinux_1_2_aarch64.whl", hash = "sha256:7eb0499a2e01f6e0c285afc5bac43ab380cbfc17cd43a2e1dd10ec97d6f2c42d", size = 12449825, upload-time = "2025-10-07T18:21:35.074Z" },
    { url = "https://files.pythonhosted.org/packages/4b/a8/e2e76288e6c16540fa820d148d83e55f15e994d852485f221b9524514730/ruff-0.14.0-py3-none-musllinux_1_2_armv7l.whl", hash = "sha256:4c63b2d99fafa05efca0ab198fd48fa6030d57e4423df3f18e03aa62518c565f", size = 12272599, upload-time = "2025-10-07T18:21:38.08Z" },
    { url = "https://files.pythonhosted.org/packages/18/14/e2815d8eff847391af632b22422b8207704222ff575dec8d044f9ab779b2/ruff-0.14.0-py3-none-musllinux_1_2_i686.whl", hash = "sha256:668fce701b7a222f3f5327f86909db2bbe99c30877c8001ff934c5413812ac02", size = 13193828, upload-time = "2025-10-07T18:21:41.216Z" },
    { url = "https://files.pythonhosted.org/packages/44/c6/61ccc2987cf0aecc588ff8f3212dea64840770e60d78f5606cd7dc34de32/ruff-0.14.0-py3-none-musllinux_1_2_x86_64.whl", hash = "sha256:a86bf575e05cb68dcb34e4c7dfe1064d44d3f0c04bbc0491949092192b515296", size = 13628617, upload-time = "2025-10-07T18:21:44.04Z" },
    { url = "https://files.pythonhosted.org/packages/73/e6/03b882225a1b0627e75339b420883dc3c90707a8917d2284abef7a58d317/ruff-0.14.0-py3-none-win32.whl", hash = "sha256:7450a243d7125d1c032cb4b93d9625dea46c8c42b4f06c6b709baac168e10543", size = 12367872, upload-time = "2025-10-07T18:21:46.67Z" },
    { url = "https://files.pythonhosted.org/packages/41/77/56cf9cf01ea0bfcc662de72540812e5ba8e9563f33ef3d37ab2174892c47/ruff-0.14.0-py3-none-win_amd64.whl", hash = "sha256:ea95da28cd874c4d9c922b39381cbd69cb7e7b49c21b8152b014bd4f52acddc2", size = 13464628, upload-time = "2025-10-07T18:21:50.318Z" },
    { url = "https://files.pythonhosted.org/packages/c6/2a/65880dfd0e13f7f13a775998f34703674a4554906167dce02daf7865b954/ruff-0.14.0-py3-none-win_arm64.whl", hash = "sha256:f42c9495f5c13ff841b1da4cb3c2a42075409592825dada7c5885c2c844ac730", size = 12565142, upload-time = "2025-10-07T18:21:53.577Z" },
]

[[package]]
name = "taskipy"
version = "1.14.1"
source = { registry = "https://pypi.org/simple" }
dependencies = [
    { name = "colorama" },
    { name = "mslex", marker = "sys_platform == 'win32'" },
    { name = "psutil" },
    { name = "tomli", marker = "python_full_version < '4'" },
]
sdist = { url = "https://files.pythonhosted.org/packages/c7/44/572261df3db9c6c3332f8618fafeb07a578fd18b06673c73f000f3586749/taskipy-1.14.1.tar.gz", hash = "sha256:410fbcf89692dfd4b9f39c2b49e1750b0a7b81affd0e2d7ea8c35f9d6a4774ed", size = 14475, upload-time = "2024-11-26T16:37:46.155Z" }
wheels = [
    { url = "https://files.pythonhosted.org/packages/55/97/4e4cfb1391c81e926bebe3d68d5231b5dbc3bb41c6ba48349e68a881462d/taskipy-1.14.1-py3-none-any.whl", hash = "sha256:6e361520f29a0fd2159848e953599f9c75b1d0b047461e4965069caeb94908f1", size = 13052, upload-time = "2024-11-26T16:37:44.546Z" },
]

[[package]]
name = "tomli"
version = "2.3.0"
source = { registry = "https://pypi.org/simple" }
sdist = { url = "https://files.pythonhosted.org/packages/52/ed/3f73f72945444548f33eba9a87fc7a6e969915e7b1acc8260b30e1f76a2f/tomli-2.3.0.tar.gz", hash = "sha256:64be704a875d2a59753d80ee8a533c3fe183e3f06807ff7dc2232938ccb01549", size = 17392, upload-time = "2025-10-08T22:01:47.119Z" }
wheels = [
    { url = "https://files.pythonhosted.org/packages/19/94/aeafa14a52e16163008060506fcb6aa1949d13548d13752171a755c65611/tomli-2.3.0-cp314-cp314-macosx_10_13_x86_64.whl", hash = "sha256:cebc6fe843e0733ee827a282aca4999b596241195f43b4cc371d64fc6639da9e", size = 154244, upload-time = "2025-10-08T22:01:27.06Z" },
    { url = "https://files.pythonhosted.org/packages/db/e4/1e58409aa78eefa47ccd19779fc6f36787edbe7d4cd330eeeedb33a4515b/tomli-2.3.0-cp314-cp314-macosx_11_0_arm64.whl", hash = "sha256:4c2ef0244c75aba9355561272009d934953817c49f47d768070c3c94355c2aa3", size = 148637, upload-time = "2025-10-08T22:01:28.059Z" },
    { url = "https://files.pythonhosted.org/packages/26/b6/d1eccb62f665e44359226811064596dd6a366ea1f985839c566cd61525ae/tomli-2.3.0-cp314-cp314-manylinux2014_aarch64.manylinux_2_17_aarch64.manylinux_2_28_aarch64.whl", hash = "sha256:c22a8bf253bacc0cf11f35ad9808b6cb75ada2631c2d97c971122583b129afbc", size = 241925, upload-time = "2025-10-08T22:01:29.066Z" },
    { url = "https://files.pythonhosted.org/packages/70/91/7cdab9a03e6d3d2bb11beae108da5bdc1c34bdeb06e21163482544ddcc90/tomli-2.3.0-cp314-cp314-manylinux2014_x86_64.manylinux_2_17_x86_64.manylinux_2_28_x86_64.whl", hash = "sha256:0eea8cc5c5e9f89c9b90c4896a8deefc74f518db5927d0e0e8d4a80953d774d0", size = 249045, upload-time = "2025-10-08T22:01:31.98Z" },
    { url = "https://files.pythonhosted.org/packages/15/1b/8c26874ed1f6e4f1fcfeb868db8a794cbe9f227299402db58cfcc858766c/tomli-2.3.0-cp314-cp314-musllinux_1_2_aarch64.whl", hash = "sha256:b74a0e59ec5d15127acdabd75ea17726ac4c5178ae51b85bfe39c4f8a278e879", size = 245835, upload-time = "2025-10-08T22:01:32.989Z" },
    { url = "https://files.pythonhosted.org/packages/fd/42/8e3c6a9a4b1a1360c1a2a39f0b972cef2cc9ebd56025168c4137192a9321/tomli-2.3.0-cp314-cp314-musllinux_1_2_x86_64.whl", hash = "sha256:b5870b50c9db823c595983571d1296a6ff3e1b88f734a4c8f6fc6188397de005", size = 253109, upload-time = "2025-10-08T22:01:34.052Z" },
    { url = "https://files.pythonhosted.org/packages/22/0c/b4da635000a71b5f80130937eeac12e686eefb376b8dee113b4a582bba42/tomli-2.3.0-cp314-cp314-win32.whl", hash = "sha256:feb0dacc61170ed7ab602d3d972a58f14ee3ee60494292d384649a3dc38ef463", size = 97930, upload-time = "2025-10-08T22:01:35.082Z" },
    { url = "https://files.pythonhosted.org/packages/b9/74/cb1abc870a418ae99cd5c9547d6bce30701a954e0e721821df483ef7223c/tomli-2.3.0-cp314-cp314-win_amd64.whl", hash = "sha256:b273fcbd7fc64dc3600c098e39136522650c49bca95df2d11cf3b626422392c8", size = 107964, upload-time = "2025-10-08T22:01:36.057Z" },
    { url = "https://files.pythonhosted.org/packages/54/78/5c46fff6432a712af9f792944f4fcd7067d8823157949f4e40c56b8b3c83/tomli-2.3.0-cp314-cp314t-macosx_10_13_x86_64.whl", hash = "sha256:940d56ee0410fa17ee1f12b817b37a4d4e4dc4d27340863cc67236c74f582e77", size = 163065, upload-time = "2025-10-08T22:01:37.27Z" },
    { url = "https://files.pythonhosted.org/packages/39/67/f85d9bd23182f45eca8939cd2bc7050e1f90c41f4a2ecbbd5963a1d1c486/tomli-2.3.0-cp314-cp314t-macosx_11_0_arm64.whl", hash = "sha256:f85209946d1fe94416debbb88d00eb92ce9cd5266775424ff81bc959e001acaf", size = 159088, upload-time = "2025-10-08T22:01:38.235Z" },
    { url = "https://files.pythonhosted.org/packages/26/5a/4b546a0405b9cc0659b399f12b6adb750757baf04250b148d3c5059fc4eb/tomli-2.3.0-cp314-cp314t-manylinux2014_aarch64.manylinux_2_17_aarch64.manylinux_2_28_aarch64.whl", hash = "sha256:a56212bdcce682e56b0aaf79e869ba5d15a6163f88d5451cbde388d48b13f530", size = 268193, upload-time = "2025-10-08T22:01:39.712Z" },
    { url = "https://files.pythonhosted.org/packages/42/4f/2c12a72ae22cf7b59a7fe75b3465b7aba40ea9145d026ba41cb382075b0e/tomli-2.3.0-cp314-cp314t-manylinux2014_x86_64.manylinux_2_17_x86_64.manylinux_2_28_x86_64.whl", hash = "sha256:c5f3ffd1e098dfc032d4d3af5c0ac64f6d286d98bc148698356847b80fa4de1b", size = 275488, upload-time = "2025-10-08T22:01:40.773Z" },
    { url = "https://files.pythonhosted.org/packages/92/04/a038d65dbe160c3aa5a624e93ad98111090f6804027d474ba9c37c8ae186/tomli-2.3.0-cp314-cp314t-musllinux_1_2_aarch64.whl", hash = "sha256:5e01decd096b1530d97d5d85cb4dff4af2d8347bd35686654a004f8dea20fc67", size = 272669, upload-time = "2025-10-08T22:01:41.824Z" },
    { url = "https://files.pythonhosted.org/packages/be/2f/8b7c60a9d1612a7cbc39ffcca4f21a73bf368a80fc25bccf8253e2563267/tomli-2.3.0-cp314-cp314t-musllinux_1_2_x86_64.whl", hash = "sha256:8a35dd0e643bb2610f156cca8db95d213a90015c11fee76c946aa62b7ae7e02f", size = 279709, upload-time = "2025-10-08T22:01:43.177Z" },
    { url = "https://files.pythonhosted.org/packages/7e/46/cc36c679f09f27ded940281c38607716c86cf8ba4a518d524e349c8b4874/tomli-2.3.0-cp314-cp314t-win32.whl", hash = "sha256:a1f7f282fe248311650081faafa5f4732bdbfef5d45fe3f2e702fbc6f2d496e0", size = 107563, upload-time = "2025-10-08T22:01:44.233Z" },
    { url = "https://files.pythonhosted.org/packages/84/ff/426ca8683cf7b753614480484f6437f568fd2fda2edbdf57a2d3d8b27a0b/tomli-2.3.0-cp314-cp314t-win_amd64.whl", hash = "sha256:70a251f8d4ba2d9ac2542eecf008b3c8a9fc5c3f9f02c56a9d7952612be2fdba", size = 119756, upload-time = "2025-10-08T22:01:45.234Z" },
    { url = "https://files.pythonhosted.org/packages/77/b8/0135fadc89e73be292b473cb820b4f5a08197779206b33191e801feeae40/tomli-2.3.0-py3-none-any.whl", hash = "sha256:e95b1af3c5b07d9e643909b5abbec77cd9f1217e6d0bca72b0234736b9fb1f1b", size = 14408, upload-time = "2025-10-08T22:01:46.04Z" },
]

[[package]]
name = "ty"
version = "0.0.1a22"
source = { registry = "https://pypi.org/simple" }
sdist = { url = "https://files.pythonhosted.org/packages/bb/87/eab73cdc990d1141b60237379975efc0e913bfa0d19083daab0f497444a6/ty-0.0.1a22.tar.gz", hash = "sha256:b20ec5362830a1e9e05654c15e88607fdbb45325ec130a9a364c6dd412ecbf55", size = 4312182, upload-time = "2025-10-10T13:07:15.88Z" }
wheels = [
    { url = "https://files.pythonhosted.org/packages/4d/30/83e2dbfbc70de8a1932b19daf05ce803d7d76cdc6251de1519a49cf1c27d/ty-0.0.1a22-py3-none-linux_armv6l.whl", hash = "sha256:6efba0c777881d2d072fa7375a64ad20357e825eff2a0b6ff9ec80399a04253b", size = 8581795, upload-time = "2025-10-10T13:06:44.396Z" },
    { url = "https://files.pythonhosted.org/packages/d7/8c/5193534fc4a3569f517408828d077b26d6280fe8c2dd0bdc63db4403dcdb/ty-0.0.1a22-py3-none-macosx_10_12_x86_64.whl", hash = "sha256:2ada020eebe1b44403affdf45cd5c8d3fb8312c3e80469d795690093c0921f55", size = 8682602, upload-time = "2025-10-10T13:06:46.44Z" },
    { url = "https://files.pythonhosted.org/packages/22/4a/7ba53493bf37b61d3e0dfe6df910e6bc74c40d16c3effd84e15c0863d34e/ty-0.0.1a22-py3-none-macosx_11_0_arm64.whl", hash = "sha256:ed4f11f1a5824ea10d3e46b1990d092c3f341b1d492c357d23bed2ac347fd253", size = 8278839, upload-time = "2025-10-10T13:06:48.688Z" },
    { url = "https://files.pythonhosted.org/packages/52/0a/d9862c41b9615de56d2158bfbb5177dbf5a65e94922d3dd13855f48cb91b/ty-0.0.1a22-py3-none-manylinux_2_17_aarch64.manylinux2014_aarch64.whl", hash = "sha256:56f48d8f94292909d596dbeb56ff7f9f070bd316aa628b45c02ca2b2f5797f31", size = 8421483, upload-time = "2025-10-10T13:06:50.75Z" },
    { url = "https://files.pythonhosted.org/packages/a5/cb/3ebe0e45b80724d4c2f849fdf304179727fd06df7fee7cd12fe6c3efe49d/ty-0.0.1a22-py3-none-manylinux_2_17_armv7l.manylinux2014_armv7l.whl", hash = "sha256:733e9ac22885b6574de26bdbae439c960a06acc825a938d3780c9d498bb65339", size = 8419225, upload-time = "2025-10-10T13:06:52.533Z" },
    { url = "https://files.pythonhosted.org/packages/4f/b5/da65f3f8ad31d881ca9987a3f6f26069a0cc649c9354adb7453ca62116bb/ty-0.0.1a22-py3-none-manylinux_2_17_i686.manylinux2014_i686.whl", hash = "sha256:5135d662484e56809c77b3343614005585caadaa5c1cf643ed6a09303497652b", size = 9352336, upload-time = "2025-10-10T13:06:54.476Z" },
    { url = "https://files.pythonhosted.org/packages/a3/24/9c46f2eb16734ab0fcf3291486b1c5c528a1569f94541dc1f19f97dd2a5b/ty-0.0.1a22-py3-none-manylinux_2_17_ppc64.manylinux2014_ppc64.whl", hash = "sha256:87f297f99a98154d33a3f21991979418c65d8bf480f6a1bad1e54d46d2dc7df7", size = 9857840, upload-time = "2025-10-10T13:06:56.514Z" },
    { url = "https://files.pythonhosted.org/packages/d8/ae/930c94bbbe5c049eae5355a197c39522844f55c7ab7fccd0ba061f618541/ty-0.0.1a22-py3-none-manylinux_2_17_ppc64le.manylinux2014_ppc64le.whl", hash = "sha256:3310217eaa4dccf20b7336fcbeb072097addc6fde0c9d3f791dea437af0aa6dc", size = 9452611, upload-time = "2025-10-10T13:06:58.154Z" },
    { url = "https://files.pythonhosted.org/packages/a2/80/d8f594438465c352cf0ebd4072f5ca3be2871153a3cd279ed2f35ecd487c/ty-0.0.1a22-py3-none-manylinux_2_17_s390x.manylinux2014_s390x.whl", hash = "sha256:12b032e81012bf5228fd65f01b50e29eb409534b6aac28ee5c48ee3b7b860ddf", size = 9214875, upload-time = "2025-10-10T13:06:59.861Z" },
    { url = "https://files.pythonhosted.org/packages/fd/07/f852fb20ac27707de495c39a02aeb056e3368833b7e12888d43b1f61594d/ty-0.0.1a22-py3-none-manylinux_2_17_x86_64.manylinux2014_x86_64.whl", hash = "sha256:a3ffda8149cab0000a21e7a078142073e27a1a9ac03b9a0837aa2f53d1fbebcb", size = 8906715, upload-time = "2025-10-10T13:07:01.926Z" },
    { url = "https://files.pythonhosted.org/packages/40/4d/0e0b85b4179891cc3067a6e717f5161921c07873a4f545963fdf1dd3619c/ty-0.0.1a22-py3-none-musllinux_1_2_aarch64.whl", hash = "sha256:afa512e7dc78f0cf0b55f87394968ba59c46993c67bc0ef295962144fea85b12", size = 8350873, upload-time = "2025-10-10T13:07:03.999Z" },
    { url = "https://files.pythonhosted.org/packages/a1/1f/e70c63e12b4a0d97d4fd6f872dd199113666ad1b236e18838fa5e5d5502d/ty-0.0.1a22-py3-none-musllinux_1_2_armv7l.whl", hash = "sha256:069cdbbea6025f7ebbb5e9043c8d0daf760358df46df8304ef5ca5bb3e320aef", size = 8442568, upload-time = "2025-10-10T13:07:05.745Z" },
    { url = "https://files.pythonhosted.org/packages/de/3b/55518906cb3598f2b99ff1e86c838d77d006cab70cdd2a0a625d02ccb52c/ty-0.0.1a22-py3-none-musllinux_1_2_i686.whl", hash = "sha256:67d31d902e6fd67a4b3523604f635e71d2ec55acfb9118f984600584bfe0ff2a", size = 8896775, upload-time = "2025-10-10T13:07:08.02Z" },
    { url = "https://files.pythonhosted.org/packages/c3/ea/60c654c27931bf84fa9cb463a4c4c49e8869c052fa607a6e930be717b619/ty-0.0.1a22-py3-none-musllinux_1_2_x86_64.whl", hash = "sha256:f9e154f262162e6f76b01f318e469ac6c22ffce22b010c396ed34e81d8369821", size = 9054544, upload-time = "2025-10-10T13:07:09.675Z" },
    { url = "https://files.pythonhosted.org/packages/6c/60/9a6d5530d6829ccf656e6ae0fb13d70a4e2514f4fb8910266ebd54286620/ty-0.0.1a22-py3-none-win32.whl", hash = "sha256:37525433ca7b02a8fca4b8fa9dcde818bf3a413b539b9dbc8f7b39d124eb7c49", size = 8165703, upload-time = "2025-10-10T13:07:11.378Z" },
    { url = "https://files.pythonhosted.org/packages/14/9c/ac08c832643850d4e18cbc959abc69cd51d531fe11bdb691098b3cf2f562/ty-0.0.1a22-py3-none-win_amd64.whl", hash = "sha256:75d21cdeba8bcef247af89518d7ce98079cac4a55c4160cb76682ea40a18b92c", size = 8828319, upload-time = "2025-10-10T13:07:12.815Z" },
    { url = "https://files.pythonhosted.org/packages/22/df/38068fc44e3cfb455aeb41d0ff1850a4d3c9988010466d4a8d19860b8b9a/ty-0.0.1a22-py3-none-win_arm64.whl", hash = "sha256:1c7f040fe311e9696917417434c2a0e58402235be842c508002c6a2eff1398b0", size = 8367136, upload-time = "2025-10-10T13:07:14.518Z" },
]
